// !$*UTF8*$!
{
	archiveVersion = 1;
	classes = {
	};
	objectVersion = 48;
	objects = {

/* Begin PBXBuildFile section */
		81F4B9A15E848E47BC37A62C /* Pods_ECommerceDemoApp.framework in Frameworks */ = {isa = PBXBuildFile; fileRef = 8E0BD1016B7CC2A2401586B0 /* Pods_ECommerceDemoApp.framework */; };
		88B82EF87DDDD0D225B98BC1 /* Pods_ECommerceDemoAppUITests.framework in Frameworks */ = {isa = PBXBuildFile; fileRef = BC720FEE7749E1ABCBC92EFD /* Pods_ECommerceDemoAppUITests.framework */; };
		DA1FD79BC40B8B5A8F50009F /* Pods_ECommerceDemoAppTests.framework in Frameworks */ = {isa = PBXBuildFile; fileRef = 50CB06E7B777073D9F79195F /* Pods_ECommerceDemoAppTests.framework */; };
		EC03C56D20C0507000E335D0 /* NetworkManager.swift in Sources */ = {isa = PBXBuildFile; fileRef = ECEAD64220C018B200DCC8B7 /* NetworkManager.swift */; };
		EC03C57020C05C3000E335D0 /* ProductManager.swift in Sources */ = {isa = PBXBuildFile; fileRef = EC03C56F20C05C3000E335D0 /* ProductManager.swift */; };
		EC03C57220C05E4F00E335D0 /* ProductTax.swift in Sources */ = {isa = PBXBuildFile; fileRef = EC03C57120C05E4F00E335D0 /* ProductTax.swift */; };
		EC03C57420C0607000E335D0 /* ProductVariant.swift in Sources */ = {isa = PBXBuildFile; fileRef = EC03C57320C0607000E335D0 /* ProductVariant.swift */; };
		EC03C57620C0608A00E335D0 /* ProductCategory.swift in Sources */ = {isa = PBXBuildFile; fileRef = EC03C57520C0608A00E335D0 /* ProductCategory.swift */; };
		EC03C57820C0609E00E335D0 /* RankingProducts.swift in Sources */ = {isa = PBXBuildFile; fileRef = EC03C57720C0609E00E335D0 /* RankingProducts.swift */; };
		EC11E1D620C10F33000D7E50 /* UITableViewCellExtension.swift in Sources */ = {isa = PBXBuildFile; fileRef = EC11E1D520C10F33000D7E50 /* UITableViewCellExtension.swift */; };
		EC5A1A2E20C2C4E400DC56AF /* ProductListRouter.swift in Sources */ = {isa = PBXBuildFile; fileRef = EC5A1A2D20C2C4E300DC56AF /* ProductListRouter.swift */; };
		EC5A1A3020C2D7EB00DC56AF /* ProductDetailsRouter.swift in Sources */ = {isa = PBXBuildFile; fileRef = EC5A1A2F20C2D7EB00DC56AF /* ProductDetailsRouter.swift */; };
		EC5A1A3720C2FDBB00DC56AF /* ProductDetailInfoCell.swift in Sources */ = {isa = PBXBuildFile; fileRef = EC5A1A3620C2FDBB00DC56AF /* ProductDetailInfoCell.swift */; };
		EC5A1A3920C2FDD000DC56AF /* ProductDetailColorCell.swift in Sources */ = {isa = PBXBuildFile; fileRef = EC5A1A3820C2FDD000DC56AF /* ProductDetailColorCell.swift */; };
		EC5A1A3B20C2FDDE00DC56AF /* ProductDetailSizeCell.swift in Sources */ = {isa = PBXBuildFile; fileRef = EC5A1A3A20C2FDDE00DC56AF /* ProductDetailSizeCell.swift */; };
		EC5D35CA20C39B5500C8AB38 /* ProductDetailImageCell.swift in Sources */ = {isa = PBXBuildFile; fileRef = EC5D35C920C39B5500C8AB38 /* ProductDetailImageCell.swift */; };
		EC8E2D9220BFF06300FC98D3 /* Main.storyboard in Resources */ = {isa = PBXBuildFile; fileRef = EC8E2D9020BFF06300FC98D3 /* Main.storyboard */; };
		EC8E2D9420BFF06300FC98D3 /* Assets.xcassets in Resources */ = {isa = PBXBuildFile; fileRef = EC8E2D9320BFF06300FC98D3 /* Assets.xcassets */; };
		EC8E2D9720BFF06300FC98D3 /* LaunchScreen.storyboard in Resources */ = {isa = PBXBuildFile; fileRef = EC8E2D9520BFF06300FC98D3 /* LaunchScreen.storyboard */; };
		EC8E2DA220BFF06300FC98D3 /* ECommerceDemoAppTests.swift in Sources */ = {isa = PBXBuildFile; fileRef = EC8E2DA120BFF06300FC98D3 /* ECommerceDemoAppTests.swift */; };
		EC8E2DAD20BFF06300FC98D3 /* ECommerceDemoAppUITests.swift in Sources */ = {isa = PBXBuildFile; fileRef = EC8E2DAC20BFF06300FC98D3 /* ECommerceDemoAppUITests.swift */; };
		EC9B146820C1A5E200C5697E /* ProductSubCategoryRouter.swift in Sources */ = {isa = PBXBuildFile; fileRef = EC9B146720C1A5E200C5697E /* ProductSubCategoryRouter.swift */; };
		ECB5843A20C151B3005F1AD8 /* ProductListVC.swift in Sources */ = {isa = PBXBuildFile; fileRef = ECB5843920C151B3005F1AD8 /* ProductListVC.swift */; };
		ECB5843C20C151BF005F1AD8 /* ProductDetailsVC.swift in Sources */ = {isa = PBXBuildFile; fileRef = ECB5843B20C151BF005F1AD8 /* ProductDetailsVC.swift */; };
		ECB5843E20C151D6005F1AD8 /* ProductSubCategoryVC.swift in Sources */ = {isa = PBXBuildFile; fileRef = ECB5843D20C151D6005F1AD8 /* ProductSubCategoryVC.swift */; };
		ECB5844020C1524C005F1AD8 /* ProductCategoryPresenter.swift in Sources */ = {isa = PBXBuildFile; fileRef = ECB5843F20C1524C005F1AD8 /* ProductCategoryPresenter.swift */; };
		ECB5844220C1525B005F1AD8 /* ProductCategoryInteractor.swift in Sources */ = {isa = PBXBuildFile; fileRef = ECB5844120C1525B005F1AD8 /* ProductCategoryInteractor.swift */; };
		ECB5844420C1526A005F1AD8 /* ProductCategoryRouter.swift in Sources */ = {isa = PBXBuildFile; fileRef = ECB5844320C1526A005F1AD8 /* ProductCategoryRouter.swift */; };
		ECDC83FE20C30E1500E68207 /* ProductSizeCollectionCell.swift in Sources */ = {isa = PBXBuildFile; fileRef = ECDC83FD20C30E1500E68207 /* ProductSizeCollectionCell.swift */; };
		ECDC840020C30E3200E68207 /* ProductColorCollectionCell.swift in Sources */ = {isa = PBXBuildFile; fileRef = ECDC83FF20C30E3200E68207 /* ProductColorCollectionCell.swift */; };
		ECEAD61D20C008B700DCC8B7 /* ApplicationConstants.swift in Sources */ = {isa = PBXBuildFile; fileRef = ECEAD61C20C008B700DCC8B7 /* ApplicationConstants.swift */; };
		ECEAD62020C00A2400DCC8B7 /* UIViewControllerExtension.swift in Sources */ = {isa = PBXBuildFile; fileRef = ECEAD61F20C00A2400DCC8B7 /* UIViewControllerExtension.swift */; };
		ECEAD62220C00A3600DCC8B7 /* StoryboardExtension.swift in Sources */ = {isa = PBXBuildFile; fileRef = ECEAD62120C00A3600DCC8B7 /* StoryboardExtension.swift */; };
		ECEAD63920C0128300DCC8B7 /* Product.swift in Sources */ = {isa = PBXBuildFile; fileRef = ECEAD63820C0128300DCC8B7 /* Product.swift */; };
		ECEAD63C20C015F200DCC8B7 /* AppDelegate.swift in Sources */ = {isa = PBXBuildFile; fileRef = ECEAD63B20C015F200DCC8B7 /* AppDelegate.swift */; };
		ECEAD63E20C0166F00DCC8B7 /* ProductCategoryVC.swift in Sources */ = {isa = PBXBuildFile; fileRef = ECEAD63D20C0166F00DCC8B7 /* ProductCategoryVC.swift */; };
		ECEAD64020C0168500DCC8B7 /* ProductRankingVC.swift in Sources */ = {isa = PBXBuildFile; fileRef = ECEAD63F20C0168500DCC8B7 /* ProductRankingVC.swift */; };
		ECEAD64520C018DA00DCC8B7 /* CustomViewController.swift in Sources */ = {isa = PBXBuildFile; fileRef = ECEAD64420C018DA00DCC8B7 /* CustomViewController.swift */; };
		ECEAD64720C019AB00DCC8B7 /* NavigationHelper.swift in Sources */ = {isa = PBXBuildFile; fileRef = ECEAD64620C019AB00DCC8B7 /* NavigationHelper.swift */; };
/* End PBXBuildFile section */

/* Begin PBXContainerItemProxy section */
		EC8E2D9E20BFF06300FC98D3 /* PBXContainerItemProxy */ = {
			isa = PBXContainerItemProxy;
			containerPortal = EC8E2D7F20BFF06200FC98D3 /* Project object */;
			proxyType = 1;
			remoteGlobalIDString = EC8E2D8620BFF06300FC98D3;
			remoteInfo = ECommerceDemoApp;
		};
		EC8E2DA920BFF06300FC98D3 /* PBXContainerItemProxy */ = {
			isa = PBXContainerItemProxy;
			containerPortal = EC8E2D7F20BFF06200FC98D3 /* Project object */;
			proxyType = 1;
			remoteGlobalIDString = EC8E2D8620BFF06300FC98D3;
			remoteInfo = ECommerceDemoApp;
		};
/* End PBXContainerItemProxy section */

/* Begin PBXFileReference section */
		50CB06E7B777073D9F79195F /* Pods_ECommerceDemoAppTests.framework */ = {isa = PBXFileReference; explicitFileType = wrapper.framework; includeInIndex = 0; path = Pods_ECommerceDemoAppTests.framework; sourceTree = BUILT_PRODUCTS_DIR; };
		8E0BD1016B7CC2A2401586B0 /* Pods_ECommerceDemoApp.framework */ = {isa = PBXFileReference; explicitFileType = wrapper.framework; includeInIndex = 0; path = Pods_ECommerceDemoApp.framework; sourceTree = BUILT_PRODUCTS_DIR; };
		9E47F860678A54B092AACC3B /* Pods-ECommerceDemoAppUITests.debug.xcconfig */ = {isa = PBXFileReference; includeInIndex = 1; lastKnownFileType = text.xcconfig; name = "Pods-ECommerceDemoAppUITests.debug.xcconfig"; path = "Pods/Target Support Files/Pods-ECommerceDemoAppUITests/Pods-ECommerceDemoAppUITests.debug.xcconfig"; sourceTree = "<group>"; };
		ADFC1B683A6D99FA9651E8CF /* Pods-ECommerceDemoAppTests.debug.xcconfig */ = {isa = PBXFileReference; includeInIndex = 1; lastKnownFileType = text.xcconfig; name = "Pods-ECommerceDemoAppTests.debug.xcconfig"; path = "Pods/Target Support Files/Pods-ECommerceDemoAppTests/Pods-ECommerceDemoAppTests.debug.xcconfig"; sourceTree = "<group>"; };
		AFC81A605FBAB90A59AF0823 /* Pods-ECommerceDemoApp.debug.xcconfig */ = {isa = PBXFileReference; includeInIndex = 1; lastKnownFileType = text.xcconfig; name = "Pods-ECommerceDemoApp.debug.xcconfig"; path = "Pods/Target Support Files/Pods-ECommerceDemoApp/Pods-ECommerceDemoApp.debug.xcconfig"; sourceTree = "<group>"; };
		BC720FEE7749E1ABCBC92EFD /* Pods_ECommerceDemoAppUITests.framework */ = {isa = PBXFileReference; explicitFileType = wrapper.framework; includeInIndex = 0; path = Pods_ECommerceDemoAppUITests.framework; sourceTree = BUILT_PRODUCTS_DIR; };
		CFE0664EE925361BB4378FD1 /* Pods-ECommerceDemoAppUITests.release.xcconfig */ = {isa = PBXFileReference; includeInIndex = 1; lastKnownFileType = text.xcconfig; name = "Pods-ECommerceDemoAppUITests.release.xcconfig"; path = "Pods/Target Support Files/Pods-ECommerceDemoAppUITests/Pods-ECommerceDemoAppUITests.release.xcconfig"; sourceTree = "<group>"; };
		D5C86E3882D563EC464B1E3B /* Pods-ECommerceDemoApp.release.xcconfig */ = {isa = PBXFileReference; includeInIndex = 1; lastKnownFileType = text.xcconfig; name = "Pods-ECommerceDemoApp.release.xcconfig"; path = "Pods/Target Support Files/Pods-ECommerceDemoApp/Pods-ECommerceDemoApp.release.xcconfig"; sourceTree = "<group>"; };
		EC03C56F20C05C3000E335D0 /* ProductManager.swift */ = {isa = PBXFileReference; lastKnownFileType = sourcecode.swift; path = ProductManager.swift; sourceTree = "<group>"; };
		EC03C57120C05E4F00E335D0 /* ProductTax.swift */ = {isa = PBXFileReference; lastKnownFileType = sourcecode.swift; path = ProductTax.swift; sourceTree = "<group>"; };
		EC03C57320C0607000E335D0 /* ProductVariant.swift */ = {isa = PBXFileReference; lastKnownFileType = sourcecode.swift; path = ProductVariant.swift; sourceTree = "<group>"; };
		EC03C57520C0608A00E335D0 /* ProductCategory.swift */ = {isa = PBXFileReference; lastKnownFileType = sourcecode.swift; path = ProductCategory.swift; sourceTree = "<group>"; };
		EC03C57720C0609E00E335D0 /* RankingProducts.swift */ = {isa = PBXFileReference; lastKnownFileType = sourcecode.swift; path = RankingProducts.swift; sourceTree = "<group>"; };
		EC11E1D520C10F33000D7E50 /* UITableViewCellExtension.swift */ = {isa = PBXFileReference; lastKnownFileType = sourcecode.swift; path = UITableViewCellExtension.swift; sourceTree = "<group>"; };
		EC5A1A2D20C2C4E300DC56AF /* ProductListRouter.swift */ = {isa = PBXFileReference; lastKnownFileType = sourcecode.swift; path = ProductListRouter.swift; sourceTree = "<group>"; };
		EC5A1A2F20C2D7EB00DC56AF /* ProductDetailsRouter.swift */ = {isa = PBXFileReference; lastKnownFileType = sourcecode.swift; path = ProductDetailsRouter.swift; sourceTree = "<group>"; };
		EC5A1A3620C2FDBB00DC56AF /* ProductDetailInfoCell.swift */ = {isa = PBXFileReference; lastKnownFileType = sourcecode.swift; path = ProductDetailInfoCell.swift; sourceTree = "<group>"; };
		EC5A1A3820C2FDD000DC56AF /* ProductDetailColorCell.swift */ = {isa = PBXFileReference; lastKnownFileType = sourcecode.swift; path = ProductDetailColorCell.swift; sourceTree = "<group>"; };
		EC5A1A3A20C2FDDE00DC56AF /* ProductDetailSizeCell.swift */ = {isa = PBXFileReference; lastKnownFileType = sourcecode.swift; path = ProductDetailSizeCell.swift; sourceTree = "<group>"; };
		EC5D35C920C39B5500C8AB38 /* ProductDetailImageCell.swift */ = {isa = PBXFileReference; lastKnownFileType = sourcecode.swift; path = ProductDetailImageCell.swift; sourceTree = "<group>"; };
		EC8E2D8720BFF06300FC98D3 /* ECommerceDemoApp.app */ = {isa = PBXFileReference; explicitFileType = wrapper.application; includeInIndex = 0; path = ECommerceDemoApp.app; sourceTree = BUILT_PRODUCTS_DIR; };
		EC8E2D9120BFF06300FC98D3 /* Base */ = {isa = PBXFileReference; lastKnownFileType = file.storyboard; name = Base; path = Base.lproj/Main.storyboard; sourceTree = "<group>"; };
		EC8E2D9320BFF06300FC98D3 /* Assets.xcassets */ = {isa = PBXFileReference; lastKnownFileType = folder.assetcatalog; path = Assets.xcassets; sourceTree = "<group>"; };
		EC8E2D9620BFF06300FC98D3 /* Base */ = {isa = PBXFileReference; lastKnownFileType = file.storyboard; name = Base; path = Base.lproj/LaunchScreen.storyboard; sourceTree = "<group>"; };
		EC8E2D9820BFF06300FC98D3 /* Info.plist */ = {isa = PBXFileReference; lastKnownFileType = text.plist.xml; path = Info.plist; sourceTree = "<group>"; };
		EC8E2D9D20BFF06300FC98D3 /* ECommerceDemoAppTests.xctest */ = {isa = PBXFileReference; explicitFileType = wrapper.cfbundle; includeInIndex = 0; path = ECommerceDemoAppTests.xctest; sourceTree = BUILT_PRODUCTS_DIR; };
		EC8E2DA120BFF06300FC98D3 /* ECommerceDemoAppTests.swift */ = {isa = PBXFileReference; lastKnownFileType = sourcecode.swift; path = ECommerceDemoAppTests.swift; sourceTree = "<group>"; };
		EC8E2DA320BFF06300FC98D3 /* Info.plist */ = {isa = PBXFileReference; lastKnownFileType = text.plist.xml; path = Info.plist; sourceTree = "<group>"; };
		EC8E2DA820BFF06300FC98D3 /* ECommerceDemoAppUITests.xctest */ = {isa = PBXFileReference; explicitFileType = wrapper.cfbundle; includeInIndex = 0; path = ECommerceDemoAppUITests.xctest; sourceTree = BUILT_PRODUCTS_DIR; };
		EC8E2DAC20BFF06300FC98D3 /* ECommerceDemoAppUITests.swift */ = {isa = PBXFileReference; lastKnownFileType = sourcecode.swift; path = ECommerceDemoAppUITests.swift; sourceTree = "<group>"; };
		EC8E2DAE20BFF06300FC98D3 /* Info.plist */ = {isa = PBXFileReference; lastKnownFileType = text.plist.xml; path = Info.plist; sourceTree = "<group>"; };
		EC9B146720C1A5E200C5697E /* ProductSubCategoryRouter.swift */ = {isa = PBXFileReference; lastKnownFileType = sourcecode.swift; path = ProductSubCategoryRouter.swift; sourceTree = "<group>"; };
		ECB5843920C151B3005F1AD8 /* ProductListVC.swift */ = {isa = PBXFileReference; lastKnownFileType = sourcecode.swift; path = ProductListVC.swift; sourceTree = "<group>"; };
		ECB5843B20C151BF005F1AD8 /* ProductDetailsVC.swift */ = {isa = PBXFileReference; lastKnownFileType = sourcecode.swift; path = ProductDetailsVC.swift; sourceTree = "<group>"; };
		ECB5843D20C151D6005F1AD8 /* ProductSubCategoryVC.swift */ = {isa = PBXFileReference; lastKnownFileType = sourcecode.swift; path = ProductSubCategoryVC.swift; sourceTree = "<group>"; };
		ECB5843F20C1524C005F1AD8 /* ProductCategoryPresenter.swift */ = {isa = PBXFileReference; lastKnownFileType = sourcecode.swift; path = ProductCategoryPresenter.swift; sourceTree = "<group>"; };
		ECB5844120C1525B005F1AD8 /* ProductCategoryInteractor.swift */ = {isa = PBXFileReference; lastKnownFileType = sourcecode.swift; path = ProductCategoryInteractor.swift; sourceTree = "<group>"; };
		ECB5844320C1526A005F1AD8 /* ProductCategoryRouter.swift */ = {isa = PBXFileReference; lastKnownFileType = sourcecode.swift; path = ProductCategoryRouter.swift; sourceTree = "<group>"; };
		ECDC83FD20C30E1500E68207 /* ProductSizeCollectionCell.swift */ = {isa = PBXFileReference; lastKnownFileType = sourcecode.swift; path = ProductSizeCollectionCell.swift; sourceTree = "<group>"; };
		ECDC83FF20C30E3200E68207 /* ProductColorCollectionCell.swift */ = {isa = PBXFileReference; lastKnownFileType = sourcecode.swift; path = ProductColorCollectionCell.swift; sourceTree = "<group>"; };
		ECEAD61C20C008B700DCC8B7 /* ApplicationConstants.swift */ = {isa = PBXFileReference; lastKnownFileType = sourcecode.swift; path = ApplicationConstants.swift; sourceTree = "<group>"; };
		ECEAD61F20C00A2400DCC8B7 /* UIViewControllerExtension.swift */ = {isa = PBXFileReference; lastKnownFileType = sourcecode.swift; path = UIViewControllerExtension.swift; sourceTree = "<group>"; };
		ECEAD62120C00A3600DCC8B7 /* StoryboardExtension.swift */ = {isa = PBXFileReference; lastKnownFileType = sourcecode.swift; path = StoryboardExtension.swift; sourceTree = "<group>"; };
		ECEAD63820C0128300DCC8B7 /* Product.swift */ = {isa = PBXFileReference; lastKnownFileType = sourcecode.swift; path = Product.swift; sourceTree = "<group>"; };
		ECEAD63B20C015F200DCC8B7 /* AppDelegate.swift */ = {isa = PBXFileReference; fileEncoding = 4; lastKnownFileType = sourcecode.swift; path = AppDelegate.swift; sourceTree = "<group>"; };
		ECEAD63D20C0166F00DCC8B7 /* ProductCategoryVC.swift */ = {isa = PBXFileReference; lastKnownFileType = sourcecode.swift; path = ProductCategoryVC.swift; sourceTree = "<group>"; };
		ECEAD63F20C0168500DCC8B7 /* ProductRankingVC.swift */ = {isa = PBXFileReference; lastKnownFileType = sourcecode.swift; path = ProductRankingVC.swift; sourceTree = "<group>"; };
		ECEAD64220C018B200DCC8B7 /* NetworkManager.swift */ = {isa = PBXFileReference; lastKnownFileType = sourcecode.swift; path = NetworkManager.swift; sourceTree = "<group>"; };
		ECEAD64420C018DA00DCC8B7 /* CustomViewController.swift */ = {isa = PBXFileReference; lastKnownFileType = sourcecode.swift; path = CustomViewController.swift; sourceTree = "<group>"; };
		ECEAD64620C019AB00DCC8B7 /* NavigationHelper.swift */ = {isa = PBXFileReference; lastKnownFileType = sourcecode.swift; path = NavigationHelper.swift; sourceTree = "<group>"; };
		FEC63CC78C0DCFEFF6E5AF0E /* Pods-ECommerceDemoAppTests.release.xcconfig */ = {isa = PBXFileReference; includeInIndex = 1; lastKnownFileType = text.xcconfig; name = "Pods-ECommerceDemoAppTests.release.xcconfig"; path = "Pods/Target Support Files/Pods-ECommerceDemoAppTests/Pods-ECommerceDemoAppTests.release.xcconfig"; sourceTree = "<group>"; };
/* End PBXFileReference section */

/* Begin PBXFrameworksBuildPhase section */
		EC8E2D8420BFF06300FC98D3 /* Frameworks */ = {
			isa = PBXFrameworksBuildPhase;
			buildActionMask = 2147483647;
			files = (
				81F4B9A15E848E47BC37A62C /* Pods_ECommerceDemoApp.framework in Frameworks */,
			);
			runOnlyForDeploymentPostprocessing = 0;
		};
		EC8E2D9A20BFF06300FC98D3 /* Frameworks */ = {
			isa = PBXFrameworksBuildPhase;
			buildActionMask = 2147483647;
			files = (
				DA1FD79BC40B8B5A8F50009F /* Pods_ECommerceDemoAppTests.framework in Frameworks */,
			);
			runOnlyForDeploymentPostprocessing = 0;
		};
		EC8E2DA520BFF06300FC98D3 /* Frameworks */ = {
			isa = PBXFrameworksBuildPhase;
			buildActionMask = 2147483647;
			files = (
				88B82EF87DDDD0D225B98BC1 /* Pods_ECommerceDemoAppUITests.framework in Frameworks */,
			);
			runOnlyForDeploymentPostprocessing = 0;
		};
/* End PBXFrameworksBuildPhase section */

/* Begin PBXGroup section */
		6B81B12507BC2451D8F71088 /* Frameworks */ = {
			isa = PBXGroup;
			children = (
				8E0BD1016B7CC2A2401586B0 /* Pods_ECommerceDemoApp.framework */,
				50CB06E7B777073D9F79195F /* Pods_ECommerceDemoAppTests.framework */,
				BC720FEE7749E1ABCBC92EFD /* Pods_ECommerceDemoAppUITests.framework */,
			);
			name = Frameworks;
			sourceTree = "<group>";
		};
		728952122705549AA88CEC21 /* Pods */ = {
			isa = PBXGroup;
			children = (
				AFC81A605FBAB90A59AF0823 /* Pods-ECommerceDemoApp.debug.xcconfig */,
				D5C86E3882D563EC464B1E3B /* Pods-ECommerceDemoApp.release.xcconfig */,
				ADFC1B683A6D99FA9651E8CF /* Pods-ECommerceDemoAppTests.debug.xcconfig */,
				FEC63CC78C0DCFEFF6E5AF0E /* Pods-ECommerceDemoAppTests.release.xcconfig */,
				9E47F860678A54B092AACC3B /* Pods-ECommerceDemoAppUITests.debug.xcconfig */,
				CFE0664EE925361BB4378FD1 /* Pods-ECommerceDemoAppUITests.release.xcconfig */,
			);
			name = Pods;
			sourceTree = "<group>";
		};
		EC5A1A3520C2FCEA00DC56AF /* View */ = {
			isa = PBXGroup;
			children = (
				EC5A1A3620C2FDBB00DC56AF /* ProductDetailInfoCell.swift */,
				EC5D35C920C39B5500C8AB38 /* ProductDetailImageCell.swift */,
				EC5A1A3820C2FDD000DC56AF /* ProductDetailColorCell.swift */,
				EC5A1A3A20C2FDDE00DC56AF /* ProductDetailSizeCell.swift */,
				ECDC83FD20C30E1500E68207 /* ProductSizeCollectionCell.swift */,
				ECDC83FF20C30E3200E68207 /* ProductColorCollectionCell.swift */,
			);
			path = View;
			sourceTree = "<group>";
		};
		EC8E2D7E20BFF06200FC98D3 = {
			isa = PBXGroup;
			children = (
				EC8E2D8920BFF06300FC98D3 /* ECommerceDemoApp */,
				EC8E2DA020BFF06300FC98D3 /* ECommerceDemoAppTests */,
				EC8E2DAB20BFF06300FC98D3 /* ECommerceDemoAppUITests */,
				EC8E2D8820BFF06300FC98D3 /* Products */,
				728952122705549AA88CEC21 /* Pods */,
				6B81B12507BC2451D8F71088 /* Frameworks */,
			);
			sourceTree = "<group>";
		};
		EC8E2D8820BFF06300FC98D3 /* Products */ = {
			isa = PBXGroup;
			children = (
				EC8E2D8720BFF06300FC98D3 /* ECommerceDemoApp.app */,
				EC8E2D9D20BFF06300FC98D3 /* ECommerceDemoAppTests.xctest */,
				EC8E2DA820BFF06300FC98D3 /* ECommerceDemoAppUITests.xctest */,
			);
			name = Products;
			sourceTree = "<group>";
		};
		EC8E2D8920BFF06300FC98D3 /* ECommerceDemoApp */ = {
			isa = PBXGroup;
			children = (
				ECEAD63A20C0158F00DCC8B7 /* Main */,
				ECEAD61B20C0087100DCC8B7 /* Constants */,
				ECEAD64120C0189C00DCC8B7 /* Helpers */,
				ECEAD63220C0123200DCC8B7 /* DesignModules */,
				ECEAD61E20C009A500DCC8B7 /* Utilities */,
				ECB5844520C189F2005F1AD8 /* Resource Files */,
				EC8E2D9320BFF06300FC98D3 /* Assets.xcassets */,
				EC8E2D9820BFF06300FC98D3 /* Info.plist */,
			);
			path = ECommerceDemoApp;
			sourceTree = "<group>";
		};
		EC8E2DA020BFF06300FC98D3 /* ECommerceDemoAppTests */ = {
			isa = PBXGroup;
			children = (
				EC8E2DA120BFF06300FC98D3 /* ECommerceDemoAppTests.swift */,
				EC8E2DA320BFF06300FC98D3 /* Info.plist */,
			);
			path = ECommerceDemoAppTests;
			sourceTree = "<group>";
		};
		EC8E2DAB20BFF06300FC98D3 /* ECommerceDemoAppUITests */ = {
			isa = PBXGroup;
			children = (
				EC8E2DAC20BFF06300FC98D3 /* ECommerceDemoAppUITests.swift */,
				EC8E2DAE20BFF06300FC98D3 /* Info.plist */,
			);
			path = ECommerceDemoAppUITests;
			sourceTree = "<group>";
		};
		ECB5843720C1516C005F1AD8 /* ProductListVC */ = {
			isa = PBXGroup;
			children = (
				ECB5843920C151B3005F1AD8 /* ProductListVC.swift */,
				EC5A1A2D20C2C4E300DC56AF /* ProductListRouter.swift */,
			);
			path = ProductListVC;
			sourceTree = "<group>";
		};
		ECB5843820C1517B005F1AD8 /* ProductDetailsVC */ = {
			isa = PBXGroup;
			children = (
				EC5A1A3520C2FCEA00DC56AF /* View */,
				ECB5843B20C151BF005F1AD8 /* ProductDetailsVC.swift */,
				EC5A1A2F20C2D7EB00DC56AF /* ProductDetailsRouter.swift */,
			);
			path = ProductDetailsVC;
			sourceTree = "<group>";
		};
		ECB5844520C189F2005F1AD8 /* Resource Files */ = {
			isa = PBXGroup;
			children = (
				EC8E2D9520BFF06300FC98D3 /* LaunchScreen.storyboard */,
				EC8E2D9020BFF06300FC98D3 /* Main.storyboard */,
			);
			path = "Resource Files";
			sourceTree = "<group>";
		};
		ECEAD61B20C0087100DCC8B7 /* Constants */ = {
			isa = PBXGroup;
			children = (
				ECEAD61C20C008B700DCC8B7 /* ApplicationConstants.swift */,
				ECEAD64620C019AB00DCC8B7 /* NavigationHelper.swift */,
			);
			path = Constants;
			sourceTree = "<group>";
		};
		ECEAD61E20C009A500DCC8B7 /* Utilities */ = {
			isa = PBXGroup;
			children = (
				ECEAD61F20C00A2400DCC8B7 /* UIViewControllerExtension.swift */,
				ECEAD62120C00A3600DCC8B7 /* StoryboardExtension.swift */,
				EC11E1D520C10F33000D7E50 /* UITableViewCellExtension.swift */,
			);
			path = Utilities;
			sourceTree = "<group>";
		};
		ECEAD63220C0123200DCC8B7 /* DesignModules */ = {
			isa = PBXGroup;
			children = (
				ECEAD63420C0124900DCC8B7 /* Entity */,
				ECEAD63520C0125000DCC8B7 /* ProductCategoryVC */,
				ECEAD63720C0126900DCC8B7 /* ProductSubCategoryVC */,
				ECB5843720C1516C005F1AD8 /* ProductListVC */,
				ECB5843820C1517B005F1AD8 /* ProductDetailsVC */,
				ECEAD63620C0126100DCC8B7 /* ProductRankingVC */,
			);
			path = DesignModules;
			sourceTree = "<group>";
		};
		ECEAD63420C0124900DCC8B7 /* Entity */ = {
			isa = PBXGroup;
			children = (
				ECEAD63820C0128300DCC8B7 /* Product.swift */,
				EC03C57120C05E4F00E335D0 /* ProductTax.swift */,
				EC03C57320C0607000E335D0 /* ProductVariant.swift */,
				EC03C57520C0608A00E335D0 /* ProductCategory.swift */,
				EC03C57720C0609E00E335D0 /* RankingProducts.swift */,
			);
			path = Entity;
			sourceTree = "<group>";
		};
		ECEAD63520C0125000DCC8B7 /* ProductCategoryVC */ = {
			isa = PBXGroup;
			children = (
				ECEAD63D20C0166F00DCC8B7 /* ProductCategoryVC.swift */,
				ECB5843F20C1524C005F1AD8 /* ProductCategoryPresenter.swift */,
				ECB5844120C1525B005F1AD8 /* ProductCategoryInteractor.swift */,
				ECB5844320C1526A005F1AD8 /* ProductCategoryRouter.swift */,
			);
			path = ProductCategoryVC;
			sourceTree = "<group>";
		};
		ECEAD63620C0126100DCC8B7 /* ProductRankingVC */ = {
			isa = PBXGroup;
			children = (
				ECEAD63F20C0168500DCC8B7 /* ProductRankingVC.swift */,
			);
			path = ProductRankingVC;
			sourceTree = "<group>";
		};
		ECEAD63720C0126900DCC8B7 /* ProductSubCategoryVC */ = {
			isa = PBXGroup;
			children = (
				ECB5843D20C151D6005F1AD8 /* ProductSubCategoryVC.swift */,
				EC9B146720C1A5E200C5697E /* ProductSubCategoryRouter.swift */,
			);
			path = ProductSubCategoryVC;
			sourceTree = "<group>";
		};
		ECEAD63A20C0158F00DCC8B7 /* Main */ = {
			isa = PBXGroup;
			children = (
				ECEAD63B20C015F200DCC8B7 /* AppDelegate.swift */,
			);
			path = Main;
			sourceTree = "<group>";
		};
		ECEAD64120C0189C00DCC8B7 /* Helpers */ = {
			isa = PBXGroup;
			children = (
				ECEAD64220C018B200DCC8B7 /* NetworkManager.swift */,
				ECEAD64420C018DA00DCC8B7 /* CustomViewController.swift */,
				EC03C56F20C05C3000E335D0 /* ProductManager.swift */,
			);
			path = Helpers;
			sourceTree = "<group>";
		};
/* End PBXGroup section */

/* Begin PBXNativeTarget section */
		EC8E2D8620BFF06300FC98D3 /* ECommerceDemoApp */ = {
			isa = PBXNativeTarget;
			buildConfigurationList = EC8E2DB120BFF06300FC98D3 /* Build configuration list for PBXNativeTarget "ECommerceDemoApp" */;
			buildPhases = (
				17196331BF5AFB7992DDCE1F /* [CP] Check Pods Manifest.lock */,
				EC8E2D8320BFF06300FC98D3 /* Sources */,
				EC8E2D8420BFF06300FC98D3 /* Frameworks */,
				EC8E2D8520BFF06300FC98D3 /* Resources */,
				1D1752EED52CCDADD0A37A42 /* [CP] Embed Pods Frameworks */,
			);
			buildRules = (
			);
			dependencies = (
			);
			name = ECommerceDemoApp;
			productName = ECommerceDemoApp;
			productReference = EC8E2D8720BFF06300FC98D3 /* ECommerceDemoApp.app */;
			productType = "com.apple.product-type.application";
		};
		EC8E2D9C20BFF06300FC98D3 /* ECommerceDemoAppTests */ = {
			isa = PBXNativeTarget;
			buildConfigurationList = EC8E2DB420BFF06300FC98D3 /* Build configuration list for PBXNativeTarget "ECommerceDemoAppTests" */;
			buildPhases = (
				994D0CC3B2ADBD7C26084A0D /* [CP] Check Pods Manifest.lock */,
				EC8E2D9920BFF06300FC98D3 /* Sources */,
				EC8E2D9A20BFF06300FC98D3 /* Frameworks */,
				EC8E2D9B20BFF06300FC98D3 /* Resources */,
			);
			buildRules = (
			);
			dependencies = (
				EC8E2D9F20BFF06300FC98D3 /* PBXTargetDependency */,
			);
			name = ECommerceDemoAppTests;
			productName = ECommerceDemoAppTests;
			productReference = EC8E2D9D20BFF06300FC98D3 /* ECommerceDemoAppTests.xctest */;
			productType = "com.apple.product-type.bundle.unit-test";
		};
		EC8E2DA720BFF06300FC98D3 /* ECommerceDemoAppUITests */ = {
			isa = PBXNativeTarget;
			buildConfigurationList = EC8E2DB720BFF06300FC98D3 /* Build configuration list for PBXNativeTarget "ECommerceDemoAppUITests" */;
			buildPhases = (
				B851A9F005A5AB487E6F41E5 /* [CP] Check Pods Manifest.lock */,
				EC8E2DA420BFF06300FC98D3 /* Sources */,
				EC8E2DA520BFF06300FC98D3 /* Frameworks */,
				EC8E2DA620BFF06300FC98D3 /* Resources */,
			);
			buildRules = (
			);
			dependencies = (
				EC8E2DAA20BFF06300FC98D3 /* PBXTargetDependency */,
			);
			name = ECommerceDemoAppUITests;
			productName = ECommerceDemoAppUITests;
			productReference = EC8E2DA820BFF06300FC98D3 /* ECommerceDemoAppUITests.xctest */;
			productType = "com.apple.product-type.bundle.ui-testing";
		};
/* End PBXNativeTarget section */

/* Begin PBXProject section */
		EC8E2D7F20BFF06200FC98D3 /* Project object */ = {
			isa = PBXProject;
			attributes = {
				LastSwiftUpdateCheck = 0900;
				LastUpgradeCheck = 0900;
				ORGANIZATIONNAME = "Gaurang Makwana";
				TargetAttributes = {
					EC8E2D8620BFF06300FC98D3 = {
						CreatedOnToolsVersion = 9.0;
						ProvisioningStyle = Automatic;
					};
					EC8E2D9C20BFF06300FC98D3 = {
						CreatedOnToolsVersion = 9.0;
						ProvisioningStyle = Automatic;
						TestTargetID = EC8E2D8620BFF06300FC98D3;
					};
					EC8E2DA720BFF06300FC98D3 = {
						CreatedOnToolsVersion = 9.0;
						ProvisioningStyle = Automatic;
						TestTargetID = EC8E2D8620BFF06300FC98D3;
					};
				};
			};
			buildConfigurationList = EC8E2D8220BFF06300FC98D3 /* Build configuration list for PBXProject "ECommerceDemoApp" */;
			compatibilityVersion = "Xcode 8.0";
			developmentRegion = en;
			hasScannedForEncodings = 0;
			knownRegions = (
				en,
				Base,
			);
			mainGroup = EC8E2D7E20BFF06200FC98D3;
			productRefGroup = EC8E2D8820BFF06300FC98D3 /* Products */;
			projectDirPath = "";
			projectRoot = "";
			targets = (
				EC8E2D8620BFF06300FC98D3 /* ECommerceDemoApp */,
				EC8E2D9C20BFF06300FC98D3 /* ECommerceDemoAppTests */,
				EC8E2DA720BFF06300FC98D3 /* ECommerceDemoAppUITests */,
			);
		};
/* End PBXProject section */

/* Begin PBXResourcesBuildPhase section */
		EC8E2D8520BFF06300FC98D3 /* Resources */ = {
			isa = PBXResourcesBuildPhase;
			buildActionMask = 2147483647;
			files = (
				EC8E2D9720BFF06300FC98D3 /* LaunchScreen.storyboard in Resources */,
				EC8E2D9420BFF06300FC98D3 /* Assets.xcassets in Resources */,
				EC8E2D9220BFF06300FC98D3 /* Main.storyboard in Resources */,
			);
			runOnlyForDeploymentPostprocessing = 0;
		};
		EC8E2D9B20BFF06300FC98D3 /* Resources */ = {
			isa = PBXResourcesBuildPhase;
			buildActionMask = 2147483647;
			files = (
			);
			runOnlyForDeploymentPostprocessing = 0;
		};
		EC8E2DA620BFF06300FC98D3 /* Resources */ = {
			isa = PBXResourcesBuildPhase;
			buildActionMask = 2147483647;
			files = (
			);
			runOnlyForDeploymentPostprocessing = 0;
		};
/* End PBXResourcesBuildPhase section */

/* Begin PBXShellScriptBuildPhase section */
		17196331BF5AFB7992DDCE1F /* [CP] Check Pods Manifest.lock */ = {
			isa = PBXShellScriptBuildPhase;
			buildActionMask = 2147483647;
			files = (
			);
			inputPaths = (
				"${PODS_PODFILE_DIR_PATH}/Podfile.lock",
				"${PODS_ROOT}/Manifest.lock",
			);
			name = "[CP] Check Pods Manifest.lock";
			outputPaths = (
				"$(DERIVED_FILE_DIR)/Pods-ECommerceDemoApp-checkManifestLockResult.txt",
			);
			runOnlyForDeploymentPostprocessing = 0;
			shellPath = /bin/sh;
			shellScript = "diff \"${PODS_PODFILE_DIR_PATH}/Podfile.lock\" \"${PODS_ROOT}/Manifest.lock\" > /dev/null\nif [ $? != 0 ] ; then\n    # print error to STDERR\n    echo \"error: The sandbox is not in sync with the Podfile.lock. Run 'pod install' or update your CocoaPods installation.\" >&2\n    exit 1\nfi\n# This output is used by Xcode 'outputs' to avoid re-running this script phase.\necho \"SUCCESS\" > \"${SCRIPT_OUTPUT_FILE_0}\"\n";
			showEnvVarsInLog = 0;
		};
		1D1752EED52CCDADD0A37A42 /* [CP] Embed Pods Frameworks */ = {
			isa = PBXShellScriptBuildPhase;
			buildActionMask = 2147483647;
			files = (
			);
			inputPaths = (
				"${SRCROOT}/Pods/Target Support Files/Pods-ECommerceDemoApp/Pods-ECommerceDemoApp-frameworks.sh",
				"${BUILT_PRODUCTS_DIR}/Alamofire/Alamofire.framework",
				"${BUILT_PRODUCTS_DIR}/EZLoadingActivity/EZLoadingActivity.framework",
				"${BUILT_PRODUCTS_DIR}/ObjectMapper/ObjectMapper.framework",
				"${BUILT_PRODUCTS_DIR}/ObjectMapper+Realm/ObjectMapper_Realm.framework",
				"${BUILT_PRODUCTS_DIR}/RSLoadingView/RSLoadingView.framework",
				"${BUILT_PRODUCTS_DIR}/Realm/Realm.framework",
				"${BUILT_PRODUCTS_DIR}/RealmSwift/RealmSwift.framework",
			);
			name = "[CP] Embed Pods Frameworks";
			outputPaths = (
				"${TARGET_BUILD_DIR}/${FRAMEWORKS_FOLDER_PATH}/Alamofire.framework",
				"${TARGET_BUILD_DIR}/${FRAMEWORKS_FOLDER_PATH}/EZLoadingActivity.framework",
				"${TARGET_BUILD_DIR}/${FRAMEWORKS_FOLDER_PATH}/ObjectMapper.framework",
				"${TARGET_BUILD_DIR}/${FRAMEWORKS_FOLDER_PATH}/ObjectMapper_Realm.framework",
				"${TARGET_BUILD_DIR}/${FRAMEWORKS_FOLDER_PATH}/RSLoadingView.framework",
				"${TARGET_BUILD_DIR}/${FRAMEWORKS_FOLDER_PATH}/Realm.framework",
				"${TARGET_BUILD_DIR}/${FRAMEWORKS_FOLDER_PATH}/RealmSwift.framework",
			);
			runOnlyForDeploymentPostprocessing = 0;
			shellPath = /bin/sh;
			shellScript = "\"${SRCROOT}/Pods/Target Support Files/Pods-ECommerceDemoApp/Pods-ECommerceDemoApp-frameworks.sh\"\n";
			showEnvVarsInLog = 0;
		};
		994D0CC3B2ADBD7C26084A0D /* [CP] Check Pods Manifest.lock */ = {
			isa = PBXShellScriptBuildPhase;
			buildActionMask = 2147483647;
			files = (
			);
			inputPaths = (
				"${PODS_PODFILE_DIR_PATH}/Podfile.lock",
				"${PODS_ROOT}/Manifest.lock",
			);
			name = "[CP] Check Pods Manifest.lock";
			outputPaths = (
				"$(DERIVED_FILE_DIR)/Pods-ECommerceDemoAppTests-checkManifestLockResult.txt",
			);
			runOnlyForDeploymentPostprocessing = 0;
			shellPath = /bin/sh;
			shellScript = "diff \"${PODS_PODFILE_DIR_PATH}/Podfile.lock\" \"${PODS_ROOT}/Manifest.lock\" > /dev/null\nif [ $? != 0 ] ; then\n    # print error to STDERR\n    echo \"error: The sandbox is not in sync with the Podfile.lock. Run 'pod install' or update your CocoaPods installation.\" >&2\n    exit 1\nfi\n# This output is used by Xcode 'outputs' to avoid re-running this script phase.\necho \"SUCCESS\" > \"${SCRIPT_OUTPUT_FILE_0}\"\n";
			showEnvVarsInLog = 0;
		};
		B851A9F005A5AB487E6F41E5 /* [CP] Check Pods Manifest.lock */ = {
			isa = PBXShellScriptBuildPhase;
			buildActionMask = 2147483647;
			files = (
			);
			inputPaths = (
				"${PODS_PODFILE_DIR_PATH}/Podfile.lock",
				"${PODS_ROOT}/Manifest.lock",
			);
			name = "[CP] Check Pods Manifest.lock";
			outputPaths = (
				"$(DERIVED_FILE_DIR)/Pods-ECommerceDemoAppUITests-checkManifestLockResult.txt",
			);
			runOnlyForDeploymentPostprocessing = 0;
			shellPath = /bin/sh;
			shellScript = "diff \"${PODS_PODFILE_DIR_PATH}/Podfile.lock\" \"${PODS_ROOT}/Manifest.lock\" > /dev/null\nif [ $? != 0 ] ; then\n    # print error to STDERR\n    echo \"error: The sandbox is not in sync with the Podfile.lock. Run 'pod install' or update your CocoaPods installation.\" >&2\n    exit 1\nfi\n# This output is used by Xcode 'outputs' to avoid re-running this script phase.\necho \"SUCCESS\" > \"${SCRIPT_OUTPUT_FILE_0}\"\n";
			showEnvVarsInLog = 0;
		};
/* End PBXShellScriptBuildPhase section */

/* Begin PBXSourcesBuildPhase section */
		EC8E2D8320BFF06300FC98D3 /* Sources */ = {
			isa = PBXSourcesBuildPhase;
			buildActionMask = 2147483647;
			files = (
				ECEAD64520C018DA00DCC8B7 /* CustomViewController.swift in Sources */,
				EC03C57420C0607000E335D0 /* ProductVariant.swift in Sources */,
				EC03C57020C05C3000E335D0 /* ProductManager.swift in Sources */,
				EC9B146820C1A5E200C5697E /* ProductSubCategoryRouter.swift in Sources */,
				ECEAD62020C00A2400DCC8B7 /* UIViewControllerExtension.swift in Sources */,
				EC03C56D20C0507000E335D0 /* NetworkManager.swift in Sources */,
				EC5A1A3720C2FDBB00DC56AF /* ProductDetailInfoCell.swift in Sources */,
				ECEAD64020C0168500DCC8B7 /* ProductRankingVC.swift in Sources */,
				ECDC840020C30E3200E68207 /* ProductColorCollectionCell.swift in Sources */,
				EC03C57220C05E4F00E335D0 /* ProductTax.swift in Sources */,
				EC11E1D620C10F33000D7E50 /* UITableViewCellExtension.swift in Sources */,
				ECB5844020C1524C005F1AD8 /* ProductCategoryPresenter.swift in Sources */,
				ECDC83FE20C30E1500E68207 /* ProductSizeCollectionCell.swift in Sources */,
				ECEAD63920C0128300DCC8B7 /* Product.swift in Sources */,
				EC5D35CA20C39B5500C8AB38 /* ProductDetailImageCell.swift in Sources */,
				ECEAD63E20C0166F00DCC8B7 /* ProductCategoryVC.swift in Sources */,
				EC5A1A3B20C2FDDE00DC56AF /* ProductDetailSizeCell.swift in Sources */,
				ECEAD61D20C008B700DCC8B7 /* ApplicationConstants.swift in Sources */,
				ECB5843C20C151BF005F1AD8 /* ProductDetailsVC.swift in Sources */,
				ECB5844220C1525B005F1AD8 /* ProductCategoryInteractor.swift in Sources */,
				ECB5844420C1526A005F1AD8 /* ProductCategoryRouter.swift in Sources */,
				EC5A1A2E20C2C4E400DC56AF /* ProductListRouter.swift in Sources */,
				ECEAD63C20C015F200DCC8B7 /* AppDelegate.swift in Sources */,
				EC03C57620C0608A00E335D0 /* ProductCategory.swift in Sources */,
				ECEAD62220C00A3600DCC8B7 /* StoryboardExtension.swift in Sources */,
				EC5A1A3020C2D7EB00DC56AF /* ProductDetailsRouter.swift in Sources */,
				ECB5843A20C151B3005F1AD8 /* ProductListVC.swift in Sources */,
				ECEAD64720C019AB00DCC8B7 /* NavigationHelper.swift in Sources */,
				EC5A1A3920C2FDD000DC56AF /* ProductDetailColorCell.swift in Sources */,
				EC03C57820C0609E00E335D0 /* RankingProducts.swift in Sources */,
				ECB5843E20C151D6005F1AD8 /* ProductSubCategoryVC.swift in Sources */,
			);
			runOnlyForDeploymentPostprocessing = 0;
		};
		EC8E2D9920BFF06300FC98D3 /* Sources */ = {
			isa = PBXSourcesBuildPhase;
			buildActionMask = 2147483647;
			files = (
				EC8E2DA220BFF06300FC98D3 /* ECommerceDemoAppTests.swift in Sources */,
			);
			runOnlyForDeploymentPostprocessing = 0;
		};
		EC8E2DA420BFF06300FC98D3 /* Sources */ = {
			isa = PBXSourcesBuildPhase;
			buildActionMask = 2147483647;
			files = (
				EC8E2DAD20BFF06300FC98D3 /* ECommerceDemoAppUITests.swift in Sources */,
			);
			runOnlyForDeploymentPostprocessing = 0;
		};
/* End PBXSourcesBuildPhase section */

/* Begin PBXTargetDependency section */
		EC8E2D9F20BFF06300FC98D3 /* PBXTargetDependency */ = {
			isa = PBXTargetDependency;
			target = EC8E2D8620BFF06300FC98D3 /* ECommerceDemoApp */;
			targetProxy = EC8E2D9E20BFF06300FC98D3 /* PBXContainerItemProxy */;
		};
		EC8E2DAA20BFF06300FC98D3 /* PBXTargetDependency */ = {
			isa = PBXTargetDependency;
			target = EC8E2D8620BFF06300FC98D3 /* ECommerceDemoApp */;
			targetProxy = EC8E2DA920BFF06300FC98D3 /* PBXContainerItemProxy */;
		};
/* End PBXTargetDependency section */

/* Begin PBXVariantGroup section */
		EC8E2D9020BFF06300FC98D3 /* Main.storyboard */ = {
			isa = PBXVariantGroup;
			children = (
				EC8E2D9120BFF06300FC98D3 /* Base */,
			);
			name = Main.storyboard;
			sourceTree = "<group>";
		};
		EC8E2D9520BFF06300FC98D3 /* LaunchScreen.storyboard */ = {
			isa = PBXVariantGroup;
			children = (
				EC8E2D9620BFF06300FC98D3 /* Base */,
			);
			name = LaunchScreen.storyboard;
			sourceTree = "<group>";
		};
/* End PBXVariantGroup section */

/* Begin XCBuildConfiguration section */
		EC8E2DAF20BFF06300FC98D3 /* Debug */ = {
			isa = XCBuildConfiguration;
			buildSettings = {
				ALWAYS_SEARCH_USER_PATHS = NO;
				CLANG_ANALYZER_NONNULL = YES;
				CLANG_ANALYZER_NUMBER_OBJECT_CONVERSION = YES_AGGRESSIVE;
				CLANG_CXX_LANGUAGE_STANDARD = "gnu++14";
				CLANG_CXX_LIBRARY = "libc++";
				CLANG_ENABLE_MODULES = YES;
				CLANG_ENABLE_OBJC_ARC = YES;
				CLANG_WARN_BLOCK_CAPTURE_AUTORELEASING = YES;
				CLANG_WARN_BOOL_CONVERSION = YES;
				CLANG_WARN_COMMA = YES;
				CLANG_WARN_CONSTANT_CONVERSION = YES;
				CLANG_WARN_DIRECT_OBJC_ISA_USAGE = YES_ERROR;
				CLANG_WARN_DOCUMENTATION_COMMENTS = YES;
				CLANG_WARN_EMPTY_BODY = YES;
				CLANG_WARN_ENUM_CONVERSION = YES;
				CLANG_WARN_INFINITE_RECURSION = YES;
				CLANG_WARN_INT_CONVERSION = YES;
				CLANG_WARN_NON_LITERAL_NULL_CONVERSION = YES;
				CLANG_WARN_OBJC_LITERAL_CONVERSION = YES;
				CLANG_WARN_OBJC_ROOT_CLASS = YES_ERROR;
				CLANG_WARN_RANGE_LOOP_ANALYSIS = YES;
				CLANG_WARN_STRICT_PROTOTYPES = YES;
				CLANG_WARN_SUSPICIOUS_MOVE = YES;
				CLANG_WARN_UNGUARDED_AVAILABILITY = YES_AGGRESSIVE;
				CLANG_WARN_UNREACHABLE_CODE = YES;
				CLANG_WARN__DUPLICATE_METHOD_MATCH = YES;
				CODE_SIGN_IDENTITY = "iPhone Developer";
				COPY_PHASE_STRIP = NO;
				DEBUG_INFORMATION_FORMAT = dwarf;
				ENABLE_STRICT_OBJC_MSGSEND = YES;
				ENABLE_TESTABILITY = YES;
				GCC_C_LANGUAGE_STANDARD = gnu11;
				GCC_DYNAMIC_NO_PIC = NO;
				GCC_NO_COMMON_BLOCKS = YES;
				GCC_OPTIMIZATION_LEVEL = 0;
				GCC_PREPROCESSOR_DEFINITIONS = (
					"DEBUG=1",
					"$(inherited)",
				);
				GCC_WARN_64_TO_32_BIT_CONVERSION = YES;
				GCC_WARN_ABOUT_RETURN_TYPE = YES_ERROR;
				GCC_WARN_UNDECLARED_SELECTOR = YES;
				GCC_WARN_UNINITIALIZED_AUTOS = YES_AGGRESSIVE;
				GCC_WARN_UNUSED_FUNCTION = YES;
				GCC_WARN_UNUSED_VARIABLE = YES;
				IPHONEOS_DEPLOYMENT_TARGET = 11.0;
				MTL_ENABLE_DEBUG_INFO = YES;
				ONLY_ACTIVE_ARCH = YES;
				SDKROOT = iphoneos;
				SWIFT_ACTIVE_COMPILATION_CONDITIONS = DEBUG;
				SWIFT_OPTIMIZATION_LEVEL = "-Onone";
			};
			name = Debug;
		};
		EC8E2DB020BFF06300FC98D3 /* Release */ = {
			isa = XCBuildConfiguration;
			buildSettings = {
				ALWAYS_SEARCH_USER_PATHS = NO;
				CLANG_ANALYZER_NONNULL = YES;
				CLANG_ANALYZER_NUMBER_OBJECT_CONVERSION = YES_AGGRESSIVE;
				CLANG_CXX_LANGUAGE_STANDARD = "gnu++14";
				CLANG_CXX_LIBRARY = "libc++";
				CLANG_ENABLE_MODULES = YES;
				CLANG_ENABLE_OBJC_ARC = YES;
				CLANG_WARN_BLOCK_CAPTURE_AUTORELEASING = YES;
				CLANG_WARN_BOOL_CONVERSION = YES;
				CLANG_WARN_COMMA = YES;
				CLANG_WARN_CONSTANT_CONVERSION = YES;
				CLANG_WARN_DIRECT_OBJC_ISA_USAGE = YES_ERROR;
				CLANG_WARN_DOCUMENTATION_COMMENTS = YES;
				CLANG_WARN_EMPTY_BODY = YES;
				CLANG_WARN_ENUM_CONVERSION = YES;
				CLANG_WARN_INFINITE_RECURSION = YES;
				CLANG_WARN_INT_CONVERSION = YES;
				CLANG_WARN_NON_LITERAL_NULL_CONVERSION = YES;
				CLANG_WARN_OBJC_LITERAL_CONVERSION = YES;
				CLANG_WARN_OBJC_ROOT_CLASS = YES_ERROR;
				CLANG_WARN_RANGE_LOOP_ANALYSIS = YES;
				CLANG_WARN_STRICT_PROTOTYPES = YES;
				CLANG_WARN_SUSPICIOUS_MOVE = YES;
				CLANG_WARN_UNGUARDED_AVAILABILITY = YES_AGGRESSIVE;
				CLANG_WARN_UNREACHABLE_CODE = YES;
				CLANG_WARN__DUPLICATE_METHOD_MATCH = YES;
				CODE_SIGN_IDENTITY = "iPhone Developer";
				COPY_PHASE_STRIP = NO;
				DEBUG_INFORMATION_FORMAT = "dwarf-with-dsym";
				ENABLE_NS_ASSERTIONS = NO;
				ENABLE_STRICT_OBJC_MSGSEND = YES;
				GCC_C_LANGUAGE_STANDARD = gnu11;
				GCC_NO_COMMON_BLOCKS = YES;
				GCC_WARN_64_TO_32_BIT_CONVERSION = YES;
				GCC_WARN_ABOUT_RETURN_TYPE = YES_ERROR;
				GCC_WARN_UNDECLARED_SELECTOR = YES;
				GCC_WARN_UNINITIALIZED_AUTOS = YES_AGGRESSIVE;
				GCC_WARN_UNUSED_FUNCTION = YES;
				GCC_WARN_UNUSED_VARIABLE = YES;
				IPHONEOS_DEPLOYMENT_TARGET = 11.0;
				MTL_ENABLE_DEBUG_INFO = NO;
				SDKROOT = iphoneos;
				SWIFT_OPTIMIZATION_LEVEL = "-Owholemodule";
				VALIDATE_PRODUCT = YES;
			};
			name = Release;
		};
		EC8E2DB220BFF06300FC98D3 /* Debug */ = {
			isa = XCBuildConfiguration;
			baseConfigurationReference = AFC81A605FBAB90A59AF0823 /* Pods-ECommerceDemoApp.debug.xcconfig */;
			buildSettings = {
				ASSETCATALOG_COMPILER_APPICON_NAME = AppIcon;
				CODE_SIGN_STYLE = Automatic;
				INFOPLIST_FILE = ECommerceDemoApp/Info.plist;
				LD_RUNPATH_SEARCH_PATHS = "$(inherited) @executable_path/Frameworks";
				PRODUCT_BUNDLE_IDENTIFIER = com.swift.ECommerceDemoApp;
				PRODUCT_NAME = "$(TARGET_NAME)";
				SWIFT_VERSION = 4.0;
				TARGETED_DEVICE_FAMILY = "1,2";
			};
			name = Debug;
		};
		EC8E2DB320BFF06300FC98D3 /* Release */ = {
			isa = XCBuildConfiguration;
			baseConfigurationReference = D5C86E3882D563EC464B1E3B /* Pods-ECommerceDemoApp.release.xcconfig */;
			buildSettings = {
				ASSETCATALOG_COMPILER_APPICON_NAME = AppIcon;
				CODE_SIGN_STYLE = Automatic;
				INFOPLIST_FILE = ECommerceDemoApp/Info.plist;
				LD_RUNPATH_SEARCH_PATHS = "$(inherited) @executable_path/Frameworks";
				PRODUCT_BUNDLE_IDENTIFIER = com.swift.ECommerceDemoApp;
				PRODUCT_NAME = "$(TARGET_NAME)";
				SWIFT_VERSION = 4.0;
				TARGETED_DEVICE_FAMILY = "1,2";
			};
			name = Release;
		};
		EC8E2DB520BFF06300FC98D3 /* Debug */ = {
			isa = XCBuildConfiguration;
			baseConfigurationReference = ADFC1B683A6D99FA9651E8CF /* Pods-ECommerceDemoAppTests.debug.xcconfig */;
			buildSettings = {
				ALWAYS_EMBED_SWIFT_STANDARD_LIBRARIES = YES;
				BUNDLE_LOADER = "$(TEST_HOST)";
				CODE_SIGN_STYLE = Automatic;
				INFOPLIST_FILE = ECommerceDemoAppTests/Info.plist;
				LD_RUNPATH_SEARCH_PATHS = "$(inherited) @executable_path/Frameworks @loader_path/Frameworks";
				PRODUCT_BUNDLE_IDENTIFIER = com.swift.ECommerceDemoAppTests;
				PRODUCT_NAME = "$(TARGET_NAME)";
				SWIFT_VERSION = 4.0;
				TARGETED_DEVICE_FAMILY = "1,2";
				TEST_HOST = "$(BUILT_PRODUCTS_DIR)/ECommerceDemoApp.app/ECommerceDemoApp";
			};
			name = Debug;
		};
		EC8E2DB620BFF06300FC98D3 /* Release */ = {
			isa = XCBuildConfiguration;
			baseConfigurationReference = FEC63CC78C0DCFEFF6E5AF0E /* Pods-ECommerceDemoAppTests.release.xcconfig */;
			buildSettings = {
				ALWAYS_EMBED_SWIFT_STANDARD_LIBRARIES = YES;
				BUNDLE_LOADER = "$(TEST_HOST)";
				CODE_SIGN_STYLE = Automatic;
				INFOPLIST_FILE = ECommerceDemoAppTests/Info.plist;
				LD_RUNPATH_SEARCH_PATHS = "$(inherited) @executable_path/Frameworks @loader_path/Frameworks";
				PRODUCT_BUNDLE_IDENTIFIER = com.swift.ECommerceDemoAppTests;
				PRODUCT_NAME = "$(TARGET_NAME)";
				SWIFT_VERSION = 4.0;
				TARGETED_DEVICE_FAMILY = "1,2";
				TEST_HOST = "$(BUILT_PRODUCTS_DIR)/ECommerceDemoApp.app/ECommerceDemoApp";
			};
			name = Release;
		};
		EC8E2DB820BFF06300FC98D3 /* Debug */ = {
			isa = XCBuildConfiguration;
			baseConfigurationReference = 9E47F860678A54B092AACC3B /* Pods-ECommerceDemoAppUITests.debug.xcconfig */;
			buildSettings = {
				ALWAYS_EMBED_SWIFT_STANDARD_LIBRARIES = YES;
				CODE_SIGN_STYLE = Automatic;
				INFOPLIST_FILE = ECommerceDemoAppUITests/Info.plist;
				LD_RUNPATH_SEARCH_PATHS = "$(inherited) @executable_path/Frameworks @loader_path/Frameworks";
				PRODUCT_BUNDLE_IDENTIFIER = com.swift.ECommerceDemoAppUITests;
				PRODUCT_NAME = "$(TARGET_NAME)";
				SWIFT_VERSION = 4.0;
				TARGETED_DEVICE_FAMILY = "1,2";
				TEST_TARGET_NAME = ECommerceDemoApp;
			};
			name = Debug;
		};
		EC8E2DB920BFF06300FC98D3 /* Release */ = {
			isa = XCBuildConfiguration;
			baseConfigurationReference = CFE0664EE925361BB4378FD1 /* Pods-ECommerceDemoAppUITests.release.xcconfig */;
			buildSettings = {
				ALWAYS_EMBED_SWIFT_STANDARD_LIBRARIES = YES;
				CODE_SIGN_STYLE = Automatic;
				INFOPLIST_FILE = ECommerceDemoAppUITests/Info.plist;
				LD_RUNPATH_SEARCH_PATHS = "$(inherited) @executable_path/Frameworks @loader_path/Frameworks";
				PRODUCT_BUNDLE_IDENTIFIER = com.swift.ECommerceDemoAppUITests;
				PRODUCT_NAME = "$(TARGET_NAME)";
				SWIFT_VERSION = 4.0;
				TARGETED_DEVICE_FAMILY = "1,2";
				TEST_TARGET_NAME = ECommerceDemoApp;
			};
			name = Release;
		};
/* End XCBuildConfiguration section */

/* Begin XCConfigurationList section */
		EC8E2D8220BFF06300FC98D3 /* Build configuration list for PBXProject "ECommerceDemoApp" */ = {
			isa = XCConfigurationList;
			buildConfigurations = (
				EC8E2DAF20BFF06300FC98D3 /* Debug */,
				EC8E2DB020BFF06300FC98D3 /* Release */,
			);
			defaultConfigurationIsVisible = 0;
			defaultConfigurationName = Release;
		};
		EC8E2DB120BFF06300FC98D3 /* Build configuration list for PBXNativeTarget "ECommerceDemoApp" */ = {
			isa = XCConfigurationList;
			buildConfigurations = (
				EC8E2DB220BFF06300FC98D3 /* Debug */,
				EC8E2DB320BFF06300FC98D3 /* Release */,
			);
			defaultConfigurationIsVisible = 0;
			defaultConfigurationName = Release;
		};
		EC8E2DB420BFF06300FC98D3 /* Build configuration list for PBXNativeTarget "ECommerceDemoAppTests" */ = {
			isa = XCConfigurationList;
			buildConfigurations = (
				EC8E2DB520BFF06300FC98D3 /* Debug */,
				EC8E2DB620BFF06300FC98D3 /* Release */,
			);
			defaultConfigurationIsVisible = 0;
			defaultConfigurationName = Release;
		};
		EC8E2DB720BFF06300FC98D3 /* Build configuration list for PBXNativeTarget "ECommerceDemoAppUITests" */ = {
			isa = XCConfigurationList;
			buildConfigurations = (
				EC8E2DB820BFF06300FC98D3 /* Debug */,
				EC8E2DB920BFF06300FC98D3 /* Release */,
			);
			defaultConfigurationIsVisible = 0;
			defaultConfigurationName = Release;
		};
/* End XCConfigurationList section */
	};
	rootObject = EC8E2D7F20BFF06200FC98D3 /* Project object */;
}
